// !$*UTF8*$!
{
	archiveVersion = 1;
	classes = {
	};
	objectVersion = 46;
	objects = {

/* Begin PBXBuildFile section */
		12BC319314F982A900F4D3F9 /* libSDL_gfx.13.dylib in Frameworks */ = {isa = PBXBuildFile; fileRef = 12BC319214F982A900F4D3F9 /* libSDL_gfx.13.dylib */; };
		12BC319614F9836300F4D3F9 /* liblua.dylib in Frameworks */ = {isa = PBXBuildFile; fileRef = 12BC319514F9836300F4D3F9 /* liblua.dylib */; };
		12BC319814F9885B00F4D3F9 /* libSDL-1.2.0.dylib in Frameworks */ = {isa = PBXBuildFile; fileRef = 12BC319714F9885B00F4D3F9 /* libSDL-1.2.0.dylib */; };
		12BC319C14F988BC00F4D3F9 /* libSDLmain.a in Frameworks */ = {isa = PBXBuildFile; fileRef = 12BC319B14F988BC00F4D3F9 /* libSDLmain.a */; };
		12BC319E14F9890B00F4D3F9 /* Cocoa.framework in Frameworks */ = {isa = PBXBuildFile; fileRef = 12BC319D14F9890B00F4D3F9 /* Cocoa.framework */; };
		12BC31A014F9891700F4D3F9 /* OpenGL.framework in Frameworks */ = {isa = PBXBuildFile; fileRef = 12BC319F14F9891700F4D3F9 /* OpenGL.framework */; };
		12EAE60914F8C49900F0096F /* bvh.c in Sources */ = {isa = PBXBuildFile; fileRef = 12EAE5F814F8C49900F0096F /* bvh.c */; };
		12EAE60A14F8C49900F0096F /* demos.c in Sources */ = {isa = PBXBuildFile; fileRef = 12EAE5FA14F8C49900F0096F /* demos.c */; };
		12EAE60B14F8C49900F0096F /* luabindings.c in Sources */ = {isa = PBXBuildFile; fileRef = 12EAE5FD14F8C49900F0096F /* luabindings.c */; };
		12EAE60C14F8C49900F0096F /* main.c in Sources */ = {isa = PBXBuildFile; fileRef = 12EAE5FF14F8C49900F0096F /* main.c */; };
		12EAE60D14F8C49900F0096F /* memory.c in Sources */ = {isa = PBXBuildFile; fileRef = 12EAE60014F8C49900F0096F /* memory.c */; };
		12EAE60E14F8C49900F0096F /* MS3DFile.c in Sources */ = {isa = PBXBuildFile; fileRef = 12EAE60214F8C49900F0096F /* MS3DFile.c */; };
		12EAE60F14F8C49900F0096F /* renderer.c in Sources */ = {isa = PBXBuildFile; fileRef = 12EAE60514F8C49900F0096F /* renderer.c */; };
		12EAE61014F8C49900F0096F /* utils.c in Sources */ = {isa = PBXBuildFile; fileRef = 12EAE60714F8C49900F0096F /* utils.c */; };
		12F3C50415774A9F001E004D /* image.c in Sources */ = {isa = PBXBuildFile; fileRef = 12F3C4FE15774A9F001E004D /* image.c */; };
		12F3C50515774A9F001E004D /* list.c in Sources */ = {isa = PBXBuildFile; fileRef = 12F3C50015774A9F001E004D /* list.c */; };
		12F3C50615774A9F001E004D /* models.c in Sources */ = {isa = PBXBuildFile; fileRef = 12F3C50215774A9F001E004D /* models.c */; };
		12F3C50915774B03001E004D /* libpng14.a in Frameworks */ = {isa = PBXBuildFile; fileRef = 12F3C50715774B03001E004D /* libpng14.a */; };
		12F3C50A15774B03001E004D /* libpng14.la in Frameworks */ = {isa = PBXBuildFile; fileRef = 12F3C50815774B03001E004D /* libpng14.la */; };
		12F3C510157765F7001E004D /* libassimp.a in Frameworks */ = {isa = PBXBuildFile; fileRef = 12F3C50F157765F7001E004D /* libassimp.a */; };
		12F3C51215776624001E004D /* libgomp.a in Frameworks */ = {isa = PBXBuildFile; fileRef = 12F3C51115776624001E004D /* libgomp.a */; };
/* End PBXBuildFile section */

/* Begin PBXCopyFilesBuildPhase section */
		1203B7BD14D911FD00319C07 /* CopyFiles */ = {
			isa = PBXCopyFilesBuildPhase;
			buildActionMask = 2147483647;
			dstPath = /usr/share/man/man1/;
			dstSubfolderSpec = 0;
			files = (
			);
			runOnlyForDeploymentPostprocessing = 1;
		};
/* End PBXCopyFilesBuildPhase section */

/* Begin PBXFileReference section */
		1203B7BF14D911FD00319C07 /* LightBend */ = {isa = PBXFileReference; explicitFileType = "compiled.mach-o.executable"; includeInIndex = 0; path = LightBend; sourceTree = BUILT_PRODUCTS_DIR; };
		122D5D5614F980AB009DC738 /* SDL.framework */ = {isa = PBXFileReference; lastKnownFileType = wrapper.framework; name = SDL.framework; path = Library/Frameworks/SDL.framework; sourceTree = SDKROOT; };
		12BC319214F982A900F4D3F9 /* libSDL_gfx.13.dylib */ = {isa = PBXFileReference; lastKnownFileType = "compiled.mach-o.dylib"; name = libSDL_gfx.13.dylib; path = ../../../../../../opt/local/lib/libSDL_gfx.13.dylib; sourceTree = "<group>"; };
		12BC319514F9836300F4D3F9 /* liblua.dylib */ = {isa = PBXFileReference; lastKnownFileType = "compiled.mach-o.dylib"; name = liblua.dylib; path = ../../../../../../opt/local/lib/liblua.dylib; sourceTree = "<group>"; };
		12BC319714F9885B00F4D3F9 /* libSDL-1.2.0.dylib */ = {isa = PBXFileReference; lastKnownFileType = "compiled.mach-o.dylib"; name = "libSDL-1.2.0.dylib"; path = "../../../../../../opt/local/lib/libSDL-1.2.0.dylib"; sourceTree = "<group>"; };
		12BC319914F988A600F4D3F9 /* libSDLmain.la */ = {isa = PBXFileReference; lastKnownFileType = text; name = libSDLmain.la; path = ../../../../../../opt/local/lib/libSDLmain.la; sourceTree = "<group>"; };
		12BC319B14F988BC00F4D3F9 /* libSDLmain.a */ = {isa = PBXFileReference; lastKnownFileType = archive.ar; name = libSDLmain.a; path = ../../../../../../opt/local/lib/libSDLmain.a; sourceTree = "<group>"; };
		12BC319D14F9890B00F4D3F9 /* Cocoa.framework */ = {isa = PBXFileReference; lastKnownFileType = wrapper.framework; name = Cocoa.framework; path = System/Library/Frameworks/Cocoa.framework; sourceTree = SDKROOT; };
		12BC319F14F9891700F4D3F9 /* OpenGL.framework */ = {isa = PBXFileReference; lastKnownFileType = wrapper.framework; name = OpenGL.framework; path = System/Library/Frameworks/OpenGL.framework; sourceTree = SDKROOT; };
		12EAE5F814F8C49900F0096F /* bvh.c */ = {isa = PBXFileReference; fileEncoding = 4; lastKnownFileType = sourcecode.c.c; path = bvh.c; sourceTree = "<group>"; };
		12EAE5F914F8C49900F0096F /* bvh.h */ = {isa = PBXFileReference; fileEncoding = 4; lastKnownFileType = sourcecode.c.h; path = bvh.h; sourceTree = "<group>"; };
		12EAE5FA14F8C49900F0096F /* demos.c */ = {isa = PBXFileReference; fileEncoding = 4; lastKnownFileType = sourcecode.c.c; path = demos.c; sourceTree = "<group>"; };
		12EAE5FB14F8C49900F0096F /* demos.h */ = {isa = PBXFileReference; fileEncoding = 4; lastKnownFileType = sourcecode.c.h; path = demos.h; sourceTree = "<group>"; };
		12EAE5FC14F8C49900F0096F /* globals.h */ = {isa = PBXFileReference; fileEncoding = 4; lastKnownFileType = sourcecode.c.h; path = globals.h; sourceTree = "<group>"; };
		12EAE5FD14F8C49900F0096F /* luabindings.c */ = {isa = PBXFileReference; fileEncoding = 4; lastKnownFileType = sourcecode.c.c; path = luabindings.c; sourceTree = "<group>"; };
		12EAE5FE14F8C49900F0096F /* luabindings.h */ = {isa = PBXFileReference; fileEncoding = 4; lastKnownFileType = sourcecode.c.h; path = luabindings.h; sourceTree = "<group>"; };
		12EAE5FF14F8C49900F0096F /* main.c */ = {isa = PBXFileReference; fileEncoding = 4; lastKnownFileType = sourcecode.c.c; path = main.c; sourceTree = "<group>"; };
		12EAE60014F8C49900F0096F /* memory.c */ = {isa = PBXFileReference; fileEncoding = 4; lastKnownFileType = sourcecode.c.c; path = memory.c; sourceTree = "<group>"; };
		12EAE60114F8C49900F0096F /* memory.h */ = {isa = PBXFileReference; fileEncoding = 4; lastKnownFileType = sourcecode.c.h; path = memory.h; sourceTree = "<group>"; };
		12EAE60214F8C49900F0096F /* MS3DFile.c */ = {isa = PBXFileReference; fileEncoding = 4; lastKnownFileType = sourcecode.c.c; path = MS3DFile.c; sourceTree = "<group>"; };
		12EAE60314F8C49900F0096F /* MS3DFile.h */ = {isa = PBXFileReference; fileEncoding = 4; lastKnownFileType = sourcecode.c.h; path = MS3DFile.h; sourceTree = "<group>"; };
		12EAE60414F8C49900F0096F /* nbvh.h */ = {isa = PBXFileReference; fileEncoding = 4; lastKnownFileType = sourcecode.c.h; path = nbvh.h; sourceTree = "<group>"; };
		12EAE60514F8C49900F0096F /* renderer.c */ = {isa = PBXFileReference; fileEncoding = 4; lastKnownFileType = sourcecode.c.c; path = renderer.c; sourceTree = "<group>"; };
		12EAE60614F8C49900F0096F /* renderer.h */ = {isa = PBXFileReference; fileEncoding = 4; lastKnownFileType = sourcecode.c.h; path = renderer.h; sourceTree = "<group>"; };
		12EAE60714F8C49900F0096F /* utils.c */ = {isa = PBXFileReference; fileEncoding = 4; lastKnownFileType = sourcecode.c.c; path = utils.c; sourceTree = "<group>"; };
		12EAE60814F8C49900F0096F /* utils.h */ = {isa = PBXFileReference; fileEncoding = 4; lastKnownFileType = sourcecode.c.h; path = utils.h; sourceTree = "<group>"; };
		12F3C4FE15774A9F001E004D /* image.c */ = {isa = PBXFileReference; fileEncoding = 4; lastKnownFileType = sourcecode.c.c; path = image.c; sourceTree = "<group>"; };
		12F3C4FF15774A9F001E004D /* image.h */ = {isa = PBXFileReference; fileEncoding = 4; lastKnownFileType = sourcecode.c.h; path = image.h; sourceTree = "<group>"; };
		12F3C50015774A9F001E004D /* list.c */ = {isa = PBXFileReference; fileEncoding = 4; lastKnownFileType = sourcecode.c.c; path = list.c; sourceTree = "<group>"; };
		12F3C50115774A9F001E004D /* list.h */ = {isa = PBXFileReference; fileEncoding = 4; lastKnownFileType = sourcecode.c.h; path = list.h; sourceTree = "<group>"; };
		12F3C50215774A9F001E004D /* models.c */ = {isa = PBXFileReference; fileEncoding = 4; lastKnownFileType = sourcecode.c.c; path = models.c; sourceTree = "<group>"; };
		12F3C50315774A9F001E004D /* models.h */ = {isa = PBXFileReference; fileEncoding = 4; lastKnownFileType = sourcecode.c.h; path = models.h; sourceTree = "<group>"; };
		12F3C50715774B03001E004D /* libpng14.a */ = {isa = PBXFileReference; lastKnownFileType = archive.ar; name = libpng14.a; path = ../../../../../../opt/local/lib/libpng14.a; sourceTree = "<group>"; };
		12F3C50815774B03001E004D /* libpng14.la */ = {isa = PBXFileReference; lastKnownFileType = text; name = libpng14.la; path = ../../../../../../opt/local/lib/libpng14.la; sourceTree = "<group>"; };
		12F3C50F157765F7001E004D /* libassimp.a */ = {isa = PBXFileReference; lastKnownFileType = archive.ar; name = libassimp.a; path = "../../../../Downloads/assimp--2.0.863-sdk/bin/assimp_Release_MacOSX/libassimp.a"; sourceTree = "<group>"; };
		12F3C51115776624001E004D /* libgomp.a */ = {isa = PBXFileReference; lastKnownFileType = archive.ar; name = libgomp.a; path = ../../../../../../opt/local/lib/gcc47/libgomp.a; sourceTree = "<group>"; };
/* End PBXFileReference section */

/* Begin PBXFrameworksBuildPhase section */
		1203B7BC14D911FD00319C07 /* Frameworks */ = {
			isa = PBXFrameworksBuildPhase;
			buildActionMask = 2147483647;
			files = (
				12F3C51215776624001E004D /* libgomp.a in Frameworks */,
				12F3C510157765F7001E004D /* libassimp.a in Frameworks */,
				12F3C50915774B03001E004D /* libpng14.a in Frameworks */,
				12F3C50A15774B03001E004D /* libpng14.la in Frameworks */,
				12BC31A014F9891700F4D3F9 /* OpenGL.framework in Frameworks */,
				12BC319E14F9890B00F4D3F9 /* Cocoa.framework in Frameworks */,
				12BC319C14F988BC00F4D3F9 /* libSDLmain.a in Frameworks */,
				12BC319814F9885B00F4D3F9 /* libSDL-1.2.0.dylib in Frameworks */,
				12BC319614F9836300F4D3F9 /* liblua.dylib in Frameworks */,
				12BC319314F982A900F4D3F9 /* libSDL_gfx.13.dylib in Frameworks */,
			);
			runOnlyForDeploymentPostprocessing = 0;
		};
/* End PBXFrameworksBuildPhase section */

/* Begin PBXGroup section */
		1203B7B414D911FC00319C07 = {
			isa = PBXGroup;
			children = (
				12F3C51115776624001E004D /* libgomp.a */,
				12F3C50F157765F7001E004D /* libassimp.a */,
				12F3C50715774B03001E004D /* libpng14.a */,
				12F3C50815774B03001E004D /* libpng14.la */,
				12BC319F14F9891700F4D3F9 /* OpenGL.framework */,
				12BC319D14F9890B00F4D3F9 /* Cocoa.framework */,
				12BC319B14F988BC00F4D3F9 /* libSDLmain.a */,
				12BC319914F988A600F4D3F9 /* libSDLmain.la */,
				12BC319714F9885B00F4D3F9 /* libSDL-1.2.0.dylib */,
				12BC319514F9836300F4D3F9 /* liblua.dylib */,
				12BC319214F982A900F4D3F9 /* libSDL_gfx.13.dylib */,
				122D5D5614F980AB009DC738 /* SDL.framework */,
				1203B7D214D912FC00319C07 /* src */,
				1203B7C014D911FD00319C07 /* Products */,
			);
			sourceTree = "<group>";
		};
		1203B7C014D911FD00319C07 /* Products */ = {
			isa = PBXGroup;
			children = (
				1203B7BF14D911FD00319C07 /* LightBend */,
			);
			name = Products;
			sourceTree = "<group>";
		};
		1203B7D214D912FC00319C07 /* src */ = {
			isa = PBXGroup;
			children = (
				12F3C4FE15774A9F001E004D /* image.c */,
				12F3C4FF15774A9F001E004D /* image.h */,
				12F3C50015774A9F001E004D /* list.c */,
				12F3C50115774A9F001E004D /* list.h */,
				12F3C50215774A9F001E004D /* models.c */,
				12F3C50315774A9F001E004D /* models.h */,
				12EAE5F814F8C49900F0096F /* bvh.c */,
				12EAE5F914F8C49900F0096F /* bvh.h */,
				12EAE5FA14F8C49900F0096F /* demos.c */,
				12EAE5FB14F8C49900F0096F /* demos.h */,
				12EAE5FC14F8C49900F0096F /* globals.h */,
				12EAE5FD14F8C49900F0096F /* luabindings.c */,
				12EAE5FE14F8C49900F0096F /* luabindings.h */,
				12EAE5FF14F8C49900F0096F /* main.c */,
				12EAE60014F8C49900F0096F /* memory.c */,
				12EAE60114F8C49900F0096F /* memory.h */,
				12EAE60214F8C49900F0096F /* MS3DFile.c */,
				12EAE60314F8C49900F0096F /* MS3DFile.h */,
				12EAE60414F8C49900F0096F /* nbvh.h */,
				12EAE60514F8C49900F0096F /* renderer.c */,
				12EAE60614F8C49900F0096F /* renderer.h */,
				12EAE60714F8C49900F0096F /* utils.c */,
				12EAE60814F8C49900F0096F /* utils.h */,
			);
			name = src;
			path = ../src;
			sourceTree = "<group>";
		};
/* End PBXGroup section */

/* Begin PBXNativeTarget section */
		1203B7BE14D911FD00319C07 /* LightBend */ = {
			isa = PBXNativeTarget;
			buildConfigurationList = 1203B7C914D911FD00319C07 /* Build configuration list for PBXNativeTarget "LightBend" */;
			buildPhases = (
				1203B7BB14D911FD00319C07 /* Sources */,
				1203B7BC14D911FD00319C07 /* Frameworks */,
				1203B7BD14D911FD00319C07 /* CopyFiles */,
			);
			buildRules = (
			);
			dependencies = (
			);
			name = LightBend;
			productName = LightBend;
			productReference = 1203B7BF14D911FD00319C07 /* LightBend */;
			productType = "com.apple.product-type.tool";
		};
/* End PBXNativeTarget section */

/* Begin PBXProject section */
		1203B7B614D911FC00319C07 /* Project object */ = {
			isa = PBXProject;
			attributes = {
				LastUpgradeCheck = 0430;
			};
			buildConfigurationList = 1203B7B914D911FC00319C07 /* Build configuration list for PBXProject "LightBend" */;
			compatibilityVersion = "Xcode 3.2";
			developmentRegion = English;
			hasScannedForEncodings = 0;
			knownRegions = (
				en,
			);
			mainGroup = 1203B7B414D911FC00319C07;
			productRefGroup = 1203B7C014D911FD00319C07 /* Products */;
			projectDirPath = "";
			projectRoot = "";
			targets = (
				1203B7BE14D911FD00319C07 /* LightBend */,
			);
		};
/* End PBXProject section */

/* Begin PBXSourcesBuildPhase section */
		1203B7BB14D911FD00319C07 /* Sources */ = {
			isa = PBXSourcesBuildPhase;
			buildActionMask = 2147483647;
			files = (
				12EAE60914F8C49900F0096F /* bvh.c in Sources */,
				12EAE60A14F8C49900F0096F /* demos.c in Sources */,
				12EAE60B14F8C49900F0096F /* luabindings.c in Sources */,
				12EAE60C14F8C49900F0096F /* main.c in Sources */,
				12EAE60D14F8C49900F0096F /* memory.c in Sources */,
				12EAE60E14F8C49900F0096F /* MS3DFile.c in Sources */,
				12EAE60F14F8C49900F0096F /* renderer.c in Sources */,
				12EAE61014F8C49900F0096F /* utils.c in Sources */,
				12F3C50415774A9F001E004D /* image.c in Sources */,
				12F3C50515774A9F001E004D /* list.c in Sources */,
				12F3C50615774A9F001E004D /* models.c in Sources */,
			);
			runOnlyForDeploymentPostprocessing = 0;
		};
/* End PBXSourcesBuildPhase section */

/* Begin XCBuildConfiguration section */
		1203B7C714D911FD00319C07 /* Debug */ = {
			isa = XCBuildConfiguration;
			buildSettings = {
				ALWAYS_SEARCH_USER_PATHS = NO;
				ARCHS = "$(ARCHS_STANDARD_64_BIT)";
				COPY_PHASE_STRIP = NO;
				GCC_C_LANGUAGE_STANDARD = gnu99;
				GCC_DYNAMIC_NO_PIC = NO;
				GCC_ENABLE_OBJC_EXCEPTIONS = YES;
				GCC_OPTIMIZATION_LEVEL = 0;
				GCC_PREPROCESSOR_DEFINITIONS = (
					"DEBUG=1",
					"$(inherited)",
				);
				GCC_SYMBOLS_PRIVATE_EXTERN = NO;
				GCC_VERSION = com.apple.compilers.llvmgcc42;
				GCC_WARN_64_TO_32_BIT_CONVERSION = YES;
				GCC_WARN_ABOUT_MISSING_PROTOTYPES = YES;
				GCC_WARN_ABOUT_RETURN_TYPE = YES;
				GCC_WARN_UNUSED_VARIABLE = YES;
				MACOSX_DEPLOYMENT_TARGET = 10.7;
				ONLY_ACTIVE_ARCH = YES;
				SDKROOT = macosx;
			};
			name = Debug;
		};
		1203B7C814D911FD00319C07 /* Release */ = {
			isa = XCBuildConfiguration;
			buildSettings = {
				ALWAYS_SEARCH_USER_PATHS = NO;
				ARCHS = "$(ARCHS_STANDARD_64_BIT)";
				COPY_PHASE_STRIP = YES;
				DEBUG_INFORMATION_FORMAT = "dwarf-with-dsym";
				GCC_C_LANGUAGE_STANDARD = gnu99;
				GCC_ENABLE_OBJC_EXCEPTIONS = YES;
				GCC_VERSION = com.apple.compilers.llvmgcc42;
				GCC_WARN_64_TO_32_BIT_CONVERSION = YES;
				GCC_WARN_ABOUT_MISSING_PROTOTYPES = YES;
				GCC_WARN_ABOUT_RETURN_TYPE = YES;
				GCC_WARN_UNUSED_VARIABLE = YES;
				MACOSX_DEPLOYMENT_TARGET = 10.7;
				SDKROOT = macosx;
			};
			name = Release;
		};
		1203B7CA14D911FD00319C07 /* Debug */ = {
			isa = XCBuildConfiguration;
			buildSettings = {
				ENABLE_OPENMP_SUPPORT = YES;
				GCC_ENABLE_SSE3_EXTENSIONS = YES;
				GCC_VERSION = com.apple.compilers.llvmgcc42;
				"HEADER_SEARCH_PATHS[arch=*]" = "\"$(SRCROOT)/../inc/\"";
				LIBRARY_SEARCH_PATHS = (
					"$(inherited)",
					"\"$(SRCROOT)/../../../Programacion/Lua/jit/src\"",
					"\"$(SRCROOT)/../../../Programacion/Lua/lib\"",
					"\"$(SRCROOT)/../../../Programacion/Lua/libLua/Debug\"",
					"\"$(SRCROOT)/../../../Programacion/Lua/libLua/Release\"",
					"\"$(SRCROOT)/../../../Programacion/Lua/LuaJIT/X64\"",
					"\"$(SRCROOT)/../../../Programacion/Lua/LuaJIT/X86\"",
					"\"$(SRCROOT)/../../../Programacion/SDL/SDL/Windows Mobile 2003 PocketPC\"",
					"\"$(SRCROOT)/../../../Programacion/SDL/SDL/Windows Mobile 5.0 PocketPC\"",
					"\"$(SRCROOT)/../../../Programacion/SDL/SDL/Windows Mobile 5.0 Smartphone\"",
					"\"$(SRCROOT)/../../../Programacion/SDL/SDL/Windows Mobile 6\"",
					"\"$(SRCROOT)/../../../Programacion/SDL/SDL/x64\"",
					"\"$(SRCROOT)/../../../Programacion/SDL/SDL/x86\"",
					"\"$(SRCROOT)/../../../Programacion/SDL/SDL_gfx/Windows Mobile 2003 PocketPC\"",
					"\"$(SRCROOT)/../../../Programacion/SDL/SDL_gfx/Windows Mobile 5.0 PocketPC\"",
					"\"$(SRCROOT)/../../../Programacion/SDL/SDL_gfx/Windows Mobile 5.0 Smartphone\"",
					"\"$(SRCROOT)/../../../Programacion/SDL/SDL_gfx/Windows Mobile 6\"",
					"\"$(SRCROOT)/../../../Programacion/SDL/SDL_gfx/x64\"",
					"\"$(SRCROOT)/../../../Programacion/SDL/SDL_gfx/x86\"",
					"\"$(SRCROOT)/../../Lua/LuaRPT/modules/.libs\"",
					"\"$(SRCROOT)/../lib/amd64\"",
					"\"$(SRCROOT)/../lib/x86\"",
					/opt/local/lib,
					"\"$(SRCROOT)/../../../../Downloads/assimp--2.0.863-sdk/bin/assimp_Release_MacOSX\"",
					/opt/local/lib/gcc47,
				);
				LLVM_LTO = NO;
				MACH_O_TYPE = mh_execute;
				ONLY_ACTIVE_ARCH = NO;
				OTHER_CFLAGS = "";
				PRODUCT_NAME = "$(TARGET_NAME)";
				USER_HEADER_SEARCH_PATHS = "\"$(SRCROOT)/../inc/\" \"opt/local/lib/gcc47/gcc/x86_64-apple-darwin11/4.7.0/include/\"";
			};
			name = Debug;
		};
		1203B7CB14D911FD00319C07 /* Release */ = {
			isa = XCBuildConfiguration;
			buildSettings = {
				ENABLE_OPENMP_SUPPORT = YES;
				GCC_ENABLE_SSE3_EXTENSIONS = YES;
				GCC_OPTIMIZATION_LEVEL = 3;
				GCC_VERSION = com.apple.compilers.llvmgcc42;
				"HEADER_SEARCH_PATHS[arch=*]" = "\"$(SRCROOT)/../inc/\"";
				LIBRARY_SEARCH_PATHS = (
					"$(inherited)",
					"\"$(SRCROOT)/../../../Programacion/Lua/jit/src\"",
					"\"$(SRCROOT)/../../../Programacion/Lua/lib\"",
					"\"$(SRCROOT)/../../../Programacion/Lua/libLua/Debug\"",
					"\"$(SRCROOT)/../../../Programacion/Lua/libLua/Release\"",
					"\"$(SRCROOT)/../../../Programacion/Lua/LuaJIT/X64\"",
					"\"$(SRCROOT)/../../../Programacion/Lua/LuaJIT/X86\"",
					"\"$(SRCROOT)/../../../Programacion/SDL/SDL/Windows Mobile 2003 PocketPC\"",
					"\"$(SRCROOT)/../../../Programacion/SDL/SDL/Windows Mobile 5.0 PocketPC\"",
					"\"$(SRCROOT)/../../../Programacion/SDL/SDL/Windows Mobile 5.0 Smartphone\"",
					"\"$(SRCROOT)/../../../Programacion/SDL/SDL/Windows Mobile 6\"",
					"\"$(SRCROOT)/../../../Programacion/SDL/SDL/x64\"",
					"\"$(SRCROOT)/../../../Programacion/SDL/SDL/x86\"",
					"\"$(SRCROOT)/../../../Programacion/SDL/SDL_gfx/Windows Mobile 2003 PocketPC\"",
					"\"$(SRCROOT)/../../../Programacion/SDL/SDL_gfx/Windows Mobile 5.0 PocketPC\"",
					"\"$(SRCROOT)/../../../Programacion/SDL/SDL_gfx/Windows Mobile 5.0 Smartphone\"",
					"\"$(SRCROOT)/../../../Programacion/SDL/SDL_gfx/Windows Mobile 6\"",
					"\"$(SRCROOT)/../../../Programacion/SDL/SDL_gfx/x64\"",
					"\"$(SRCROOT)/../../../Programacion/SDL/SDL_gfx/x86\"",
					"\"$(SRCROOT)/../../Lua/LuaRPT/modules/.libs\"",
					"\"$(SRCROOT)/../lib/amd64\"",
					"\"$(SRCROOT)/../lib/x86\"",
					/opt/local/lib,
					"\"$(SRCROOT)/../../../../Downloads/assimp--2.0.863-sdk/bin/assimp_Release_MacOSX\"",
					/opt/local/lib/gcc47,
				);
				LLVM_LTO = NO;
				MACH_O_TYPE = mh_execute;
				ONLY_ACTIVE_ARCH = YES;
				OTHER_CFLAGS = "";
				PRODUCT_NAME = "$(TARGET_NAME)";
				USER_HEADER_SEARCH_PATHS = "\"$(SRCROOT)/../inc/\" \"opt/local/lib/gcc47/gcc/x86_64-apple-darwin11/4.7.0/include/\"";
			};
			name = Release;
		};
/* End XCBuildConfiguration section */

/* Begin XCConfigurationList section */
		1203B7B914D911FC00319C07 /* Build configuration list for PBXProject "LightBend" */ = {
			isa = XCConfigurationList;
			buildConfigurations = (
				1203B7C714D911FD00319C07 /* Debug */,
				1203B7C814D911FD00319C07 /* Release */,
			);
			defaultConfigurationIsVisible = 0;
			defaultConfigurationName = Release;
		};
		1203B7C914D911FD00319C07 /* Build configuration list for PBXNativeTarget "LightBend" */ = {
			isa = XCConfigurationList;
			buildConfigurations = (
				1203B7CA14D911FD00319C07 /* Debug */,
				1203B7CB14D911FD00319C07 /* Release */,
			);
			defaultConfigurationIsVisible = 0;
			defaultConfigurationName = Release;
		};
/* End XCConfigurationList section */
	};
	rootObject = 1203B7B614D911FC00319C07 /* Project object */;
}
